
Microsoft Visual Studio Solution File, Format Version 12.00
# Visual Studio 15
VisualStudioVersion = 15.0.28010.2048
MinimumVisualStudioVersion = 10.0.40219.1
Project("{E24C65DC-7377-472B-9ABA-BC803B73C61A}") = "MultiEmailPdf", "MultiEmailPdf\", "{D0D0AA14-F921-4544-A851-49E3F93EF99A}"
	ProjectSection(WebsiteProperties) = preProject
		TargetFrameworkMoniker = ".NETFramework,Version%3Dv4.0"
		Debug.AspNetCompiler.VirtualPath = "/localhost_55132"
		Debug.AspNetCompiler.PhysicalPath = "MultiEmailPdf\"
		Debug.AspNetCompiler.TargetPath = "PrecompiledWeb\localhost_55132\"
		Debug.AspNetCompiler.Updateable = "true"
		Debug.AspNetCompiler.ForceOverwrite = "true"
		Debug.AspNetCompiler.FixedNames = "false"
		Debug.AspNetCompiler.Debug = "True"
		Release.AspNetCompiler.VirtualPath = "/localhost_55132"
		Release.AspNetCompiler.PhysicalPath = "MultiEmailPdf\"
		Release.AspNetCompiler.TargetPath = "PrecompiledWeb\localhost_55132\"
		Release.AspNetCompiler.Updateable = "true"
		Release.AspNetCompiler.ForceOverwrite = "true"
		Release.AspNetCompiler.FixedNames = "false"
		Release.AspNetCompiler.Debug = "False"
		VWDPort = "55132"
		SlnRelativePath = "MultiEmailPdf\"
	EndProjectSection
EndProject
Project("{2150E333-8FDC-42A3-9474-1A3956D46DE8}") = "Zip", "Zip", "{77654CC2-C5B2-4BA9-9703-9B8018D11759}"
EndProject
Project("{9A19103F-16F7-4668-BE54-9A1E7A4F7556}") = "GSuiteChromeExtension.Zip.Api", "Zip\GSuiteChromeExtension.Zip.Api\GSuiteChromeExtension.Zip.Api.csproj", "{F89538F8-4A00-43C6-A7F0-04BF4D306C47}"
EndProject
Project("{9A19103F-16F7-4668-BE54-9A1E7A4F7556}") = "GSuiteChromeExtension.Common", "GSuiteChromeExtension.Common\GSuiteChromeExtension.Common.csproj", "{1AF6DF43-DAC0-4197-9A7A-744B793C134C}"
EndProject
Project("{9A19103F-16F7-4668-BE54-9A1E7A4F7556}") = "GSuiteChromeExtension.Zip.Web", "Zip\GSuiteChromeExtension.Zip.Web\GSuiteChromeExtension.Zip.Web.csproj", "{5C033505-EC09-4042-9178-670D94B7CED9}"
EndProject
Project("{9A19103F-16F7-4668-BE54-9A1E7A4F7556}") = "GSuiteChromeExtension.Test", "GSuiteChromeExtension.Test\GSuiteChromeExtension.Test.csproj", "{61E841C4-D759-44B7-A90F-A527F39F5539}"
EndProject
Project("{9A19103F-16F7-4668-BE54-9A1E7A4F7556}") = "GSuiteChromeExtension.DemoTest", "GSuiteChromeExtension.DemoTest\GSuiteChromeExtension.DemoTest.csproj", "{5D2ECA6E-D521-43FC-A478-B77319445D51}"
EndProject
Project("{2150E333-8FDC-42A3-9474-1A3956D46DE8}") = "Assets", "Assets", "{CB19702D-DB6C-4442-BFB3-DD6F0B3B43F5}"
	ProjectSection(SolutionItems) = preProject
		Zip\Assets\info.txt = Zip\Assets\info.txt
	EndProjectSection
EndProject
Project("{2150E333-8FDC-42A3-9474-1A3956D46DE8}") = "QRGenerator", "QRGenerator", "{BFCECB45-640A-4D66-8A96-E530B7CE31F2}"
EndProject
Project("{9A19103F-16F7-4668-BE54-9A1E7A4F7556}") = "GSuiteChromeExtension.QRGenerator.Web", "GSuiteChromeExtension.QRGenerator.Web\GSuiteChromeExtension.QRGenerator.Web.csproj", "{DBBF2DA7-1D15-48D4-AEBD-8BBD84ECB0CD}"
EndProject
Project("{2150E333-8FDC-42A3-9474-1A3956D46DE8}") = "GifMaker", "GifMaker", "{A3788BF8-D74D-4594-B894-06CF29DD43DC}"
EndProject
Project("{9A19103F-16F7-4668-BE54-9A1E7A4F7556}") = "GSuiteChromeExtension.GifMaker.Web", "GSuiteChromeExtension.GifMaker.Web\GSuiteChromeExtension.GifMaker.Web.csproj", "{6861AC2D-1FA2-4683-BB6A-5AE6232F3EF1}"
EndProject
Project("{2150E333-8FDC-42A3-9474-1A3956D46DE8}") = "FreeFlashPlayer", "FreeFlashPlayer", "{DB2252D2-68E7-4471-9CCA-351EB385AEFE}"
EndProject
Project("{9A19103F-16F7-4668-BE54-9A1E7A4F7556}") = "GSuiteChromeExtension.FreeFlashPlayer.Web", "GSuiteChromeExtension.FreeFlashPlayer.Web\GSuiteChromeExtension.FreeFlashPlayer.Web.csproj", "{E9006ABF-3D9D-4679-9994-A2BC930BFA69}"
EndProject
Project("{2150E333-8FDC-42A3-9474-1A3956D46DE8}") = "DjvuViewer", "DjvuViewer", "{36D5CB22-AB04-4794-A2F0-F63D4D8D0817}"
EndProject
Project("{FAE04EC0-301F-11D3-BF4B-00C04F79EFBC}") = "GSuiteChromeExtension.DjvuViewer.Web", "GSuiteChromeExtension.DjvuViewer.Web\GSuiteChromeExtension.DjvuViewer.Web.csproj", "{8DDCC05C-1094-4D78-8A38-8524703FFD4C}"
EndProject
Global
	GlobalSection(SolutionConfigurationPlatforms) = preSolution
		Debug|Any CPU = Debug|Any CPU
		Release|Any CPU = Release|Any CPU
	EndGlobalSection
	GlobalSection(ProjectConfigurationPlatforms) = postSolution
		{D0D0AA14-F921-4544-A851-49E3F93EF99A}.Debug|Any CPU.ActiveCfg = Debug|Any CPU
		{D0D0AA14-F921-4544-A851-49E3F93EF99A}.Debug|Any CPU.Build.0 = Debug|Any CPU
		{D0D0AA14-F921-4544-A851-49E3F93EF99A}.Release|Any CPU.ActiveCfg = Debug|Any CPU
		{F89538F8-4A00-43C6-A7F0-04BF4D306C47}.Debug|Any CPU.ActiveCfg = Debug|Any CPU
		{F89538F8-4A00-43C6-A7F0-04BF4D306C47}.Debug|Any CPU.Build.0 = Debug|Any CPU
		{F89538F8-4A00-43C6-A7F0-04BF4D306C47}.Release|Any CPU.ActiveCfg = Release|Any CPU
		{F89538F8-4A00-43C6-A7F0-04BF4D306C47}.Release|Any CPU.Build.0 = Release|Any CPU
		{1AF6DF43-DAC0-4197-9A7A-744B793C134C}.Debug|Any CPU.ActiveCfg = Debug|Any CPU
		{1AF6DF43-DAC0-4197-9A7A-744B793C134C}.Debug|Any CPU.Build.0 = Debug|Any CPU
		{1AF6DF43-DAC0-4197-9A7A-744B793C134C}.Release|Any CPU.ActiveCfg = Release|Any CPU
		{1AF6DF43-DAC0-4197-9A7A-744B793C134C}.Release|Any CPU.Build.0 = Release|Any CPU
		{5C033505-EC09-4042-9178-670D94B7CED9}.Debug|Any CPU.ActiveCfg = Debug|Any CPU
		{5C033505-EC09-4042-9178-670D94B7CED9}.Debug|Any CPU.Build.0 = Debug|Any CPU
		{5C033505-EC09-4042-9178-670D94B7CED9}.Release|Any CPU.ActiveCfg = Release|Any CPU
		{5C033505-EC09-4042-9178-670D94B7CED9}.Release|Any CPU.Build.0 = Release|Any CPU
		{61E841C4-D759-44B7-A90F-A527F39F5539}.Debug|Any CPU.ActiveCfg = Debug|Any CPU
		{61E841C4-D759-44B7-A90F-A527F39F5539}.Debug|Any CPU.Build.0 = Debug|Any CPU
		{61E841C4-D759-44B7-A90F-A527F39F5539}.Release|Any CPU.ActiveCfg = Release|Any CPU
		{61E841C4-D759-44B7-A90F-A527F39F5539}.Release|Any CPU.Build.0 = Release|Any CPU
		{5D2ECA6E-D521-43FC-A478-B77319445D51}.Debug|Any CPU.ActiveCfg = Debug|Any CPU
		{5D2ECA6E-D521-43FC-A478-B77319445D51}.Debug|Any CPU.Build.0 = Debug|Any CPU
		{5D2ECA6E-D521-43FC-A478-B77319445D51}.Release|Any CPU.ActiveCfg = Release|Any CPU
		{5D2ECA6E-D521-43FC-A478-B77319445D51}.Release|Any CPU.Build.0 = Release|Any CPU
		{DBBF2DA7-1D15-48D4-AEBD-8BBD84ECB0CD}.Debug|Any CPU.ActiveCfg = Debug|Any CPU
		{DBBF2DA7-1D15-48D4-AEBD-8BBD84ECB0CD}.Debug|Any CPU.Build.0 = Debug|Any CPU
		{DBBF2DA7-1D15-48D4-AEBD-8BBD84ECB0CD}.Release|Any CPU.ActiveCfg = Release|Any CPU
		{DBBF2DA7-1D15-48D4-AEBD-8BBD84ECB0CD}.Release|Any CPU.Build.0 = Release|Any CPU
		{6861AC2D-1FA2-4683-BB6A-5AE6232F3EF1}.Debug|Any CPU.ActiveCfg = Debug|Any CPU
		{6861AC2D-1FA2-4683-BB6A-5AE6232F3EF1}.Debug|Any CPU.Build.0 = Debug|Any CPU
		{6861AC2D-1FA2-4683-BB6A-5AE6232F3EF1}.Release|Any CPU.ActiveCfg = Release|Any CPU
		{6861AC2D-1FA2-4683-BB6A-5AE6232F3EF1}.Release|Any CPU.Build.0 = Release|Any CPU
		{E9006ABF-3D9D-4679-9994-A2BC930BFA69}.Debug|Any CPU.ActiveCfg = Debug|Any CPU
		{E9006ABF-3D9D-4679-9994-A2BC930BFA69}.Debug|Any CPU.Build.0 = Debug|Any CPU
		{E9006ABF-3D9D-4679-9994-A2BC930BFA69}.Release|Any CPU.ActiveCfg = Release|Any CPU
		{E9006ABF-3D9D-4679-9994-A2BC930BFA69}.Release|Any CPU.Build.0 = Release|Any CPU
		{8DDCC05C-1094-4D78-8A38-8524703FFD4C}.Debug|Any CPU.ActiveCfg = Debug|Any CPU
		{8DDCC05C-1094-4D78-8A38-8524703FFD4C}.Debug|Any CPU.Build.0 = Debug|Any CPU
		{8DDCC05C-1094-4D78-8A38-8524703FFD4C}.Release|Any CPU.ActiveCfg = Release|Any CPU
		{8DDCC05C-1094-4D78-8A38-8524703FFD4C}.Release|Any CPU.Build.0 = Release|Any CPU
	EndGlobalSection
	GlobalSection(SolutionProperties) = preSolution
		HideSolutionNode = FALSE
	EndGlobalSection
	GlobalSection(NestedProjects) = preSolution
		{F89538F8-4A00-43C6-A7F0-04BF4D306C47} = {77654CC2-C5B2-4BA9-9703-9B8018D11759}
		{5C033505-EC09-4042-9178-670D94B7CED9} = {77654CC2-C5B2-4BA9-9703-9B8018D11759}
		{CB19702D-DB6C-4442-BFB3-DD6F0B3B43F5} = {77654CC2-C5B2-4BA9-9703-9B8018D11759}
		{DBBF2DA7-1D15-48D4-AEBD-8BBD84ECB0CD} = {BFCECB45-640A-4D66-8A96-E530B7CE31F2}
		{6861AC2D-1FA2-4683-BB6A-5AE6232F3EF1} = {A3788BF8-D74D-4594-B894-06CF29DD43DC}
		{E9006ABF-3D9D-4679-9994-A2BC930BFA69} = {DB2252D2-68E7-4471-9CCA-351EB385AEFE}
		{8DDCC05C-1094-4D78-8A38-8524703FFD4C} = {36D5CB22-AB04-4794-A2F0-F63D4D8D0817}
	EndGlobalSection
	GlobalSection(ExtensibilityGlobals) = postSolution
		SolutionGuid = {85CF65B1-4AF3-4558-86E0-F6DC6F7C163F}
	EndGlobalSection
EndGlobal
